{
  "originHash" : "a3eba52af9f53b9734bf9d50a738de8fa3ca0224108bb604df6771bcd591ccd0",
  "pins" : [
    {
      "identity" : "swift-argument-parser",
      "kind" : "remoteSourceControl",
      "location" : "https://github.com/apple/swift-argument-parser.git",
      "state" : {
        "revision" : "6a52f3251125d74daf04fcbd5e6f08a75d074382",
        "version" : "1.8.2"
      }
    },
    {
      "identity" : "swift-cmark",
      "kind" : "remoteSourceControl",
      "location" : "https://github.com/swiftlang/swift-cmark.git",
      "state" : {
        "revision" : "924936d0427cb25a61169739a7660230bffa6ea6",
        "version" : "0.8.0"
      }
    },
    {
      "identity" : "swift-collections",
      "kind" : "remoteSourceControl",
      "location" : "https://github.com/apple/swift-collections",
      "state" : {
        "revision" : "a0cb0954ecb21e4e31b0070e6ed5674e8556685a",
        "version" : "1.6.0"
      }
    },
    {
      "identity" : "swift-markdown",
      "kind" : "remoteSourceControl",
      "location" : "https://github.com/swiftlang/swift-markdown.git",
      "state" : {
        "revision" : "3c6f9523da3a1ec2fd829673e472d95b8097a3b8",
        "version" : "0.8.0"
      }
    },
    {
      "identity" : "swift-syntax",
      "kind" : "remoteSourceControl",
      "location" : "https://github.com/swiftlang/swift-syntax.git",
      "state" : {
        "revision" : "b90056de69eed23b3fb39ab69cf1780071dfb664",
        "version" : "604.0.0-prerelease-2026-06-05"
      }
    },
    {
      "identity" : "swiftiomatic-plugins",
      "kind" : "remoteSourceControl",
      "location" : "https://github.com/toba/swiftiomatic-plugins",
      "state" : {
        "revision" : "a37c19b3129c7309a31f825bcdc4ef1e7dd93822",
        "version" : "3.13.2"
      }
    },
    {
      "identity" : "toba-concurrency",
      "kind" : "remoteSourceControl",
      "location" : "https://github.com/toba/toba-concurrency",
      "state" : {
        "revision" : "dc378943d792887dadac03b532353f4835897dca",
        "version" : "1.1.0"
      }
    },
    {
      "identity" : "toba-core",
      "kind" : "remoteSourceControl",
      "location" : "https://github.com/toba/toba-core",
      "state" : {
        "revision" : "a9db0d1734a16ab33d6e913d141b3c4dc8c6abb3",
        "version" : "1.11.2"
      }
    }
  ],
  "version" : 3
}
