{
  "originHash" : "e59fcb2d729bc40df7004ac279bb4c318a1ccb0f9fd02289683879ad7e9028ab",
  "pins" : [
    {
      "identity" : "swift-argument-parser",
      "kind" : "remoteSourceControl",
      "location" : "https://github.com/apple/swift-argument-parser.git",
      "state" : {
        "revision" : "6a52f3251125d74daf04fcbd5e6f08a75d074382",
        "version" : "1.8.2"
      }
    },
    {
      "identity" : "swift-cmark",
      "kind" : "remoteSourceControl",
      "location" : "https://github.com/swiftlang/swift-cmark.git",
      "state" : {
        "revision" : "924936d0427cb25a61169739a7660230bffa6ea6",
        "version" : "0.8.0"
      }
    },
    {
      "identity" : "swift-collections",
      "kind" : "remoteSourceControl",
      "location" : "https://github.com/apple/swift-collections",
      "state" : {
        "revision" : "a0cb0954ecb21e4e31b0070e6ed5674e8556685a",
        "version" : "1.6.0"
      }
    },
    {
      "identity" : "swift-markdown",
      "kind" : "remoteSourceControl",
      "location" : "https://github.com/swiftlang/swift-markdown.git",
      "state" : {
        "revision" : "3c6f9523da3a1ec2fd829673e472d95b8097a3b8",
        "version" : "0.8.0"
      }
    },
    {
      "identity" : "swift-syntax",
      "kind" : "remoteSourceControl",
      "location" : "https://github.com/swiftlang/swift-syntax.git",
      "state" : {
        "revision" : "79e4b74a295b6eb74a8b585e3a39d29e70c1dbd1",
        "version" : "603.0.2"
      }
    },
    {
      "identity" : "swiftiomatic-plugins",
      "kind" : "remoteSourceControl",
      "location" : "https://github.com/toba/swiftiomatic-plugins",
      "state" : {
        "revision" : "a37c19b3129c7309a31f825bcdc4ef1e7dd93822",
        "version" : "3.13.2"
      }
    },
    {
      "identity" : "toba-concurrency",
      "kind" : "remoteSourceControl",
      "location" : "https://github.com/toba/toba-concurrency",
      "state" : {
        "revision" : "3f50379daee893512aaa8d0b37d466cbbc54e12b",
        "version" : "1.0.2"
      }
    },
    {
      "identity" : "toba-core",
      "kind" : "remoteSourceControl",
      "location" : "https://github.com/toba/toba-core",
      "state" : {
        "revision" : "fad093115f6e84cb07e50e5834d45c28541a55c3",
        "version" : "1.4.1"
      }
    }
  ],
  "version" : 3
}
