// !$*UTF8*$!
{
	archiveVersion = 1;
	classes = {
	};
	objectVersion = 100;
	objects = {

/* Begin PBXBuildFile section */
		038458AB629699369CD0565D /* (null) in Sources */ = {isa = PBXBuildFile; };
		0C2E778E37A8A7A630D86A80 /* (null) in Sources */ = {isa = PBXBuildFile; };
		0F750BB5D24709A31823A284 /* (null) in Sources */ = {isa = PBXBuildFile; };
		1BBED5ADBBC5CBEC6C35A565 /* (null) in Sources */ = {isa = PBXBuildFile; };
		442A015E239C8324635F9471 /* (null) in Sources */ = {isa = PBXBuildFile; };
		697E01C13242B5A5FF896BE4 /* (null) in Sources */ = {isa = PBXBuildFile; };
		7FED0BB65F174A26DDE860E5 /* (null) in Sources */ = {isa = PBXBuildFile; };
		83FD3E22AF06488263FDEFF0 /* SwiftiomaticSyntax in Frameworks */ = {isa = PBXBuildFile; productRef = FF42C1289549FC8FD144F7C7 /* SwiftiomaticSyntax */; };
		88063A7B28B5F4317ACB67C4 /* SwiftiomaticKit in Frameworks */ = {isa = PBXBuildFile; productRef = 1F8AFAD6B56A0C0649D9AD51 /* SwiftiomaticKit */; };
		89084640799C8BFE46F6910C /* (null) in Sources */ = {isa = PBXBuildFile; };
		8B987048271BA353692FAB56 /* (null) in Sources */ = {isa = PBXBuildFile; };
		8BA05A382AD0FF38284456AF /* (null) in Sources */ = {isa = PBXBuildFile; };
		8F9016E4513A14EEB13B13F8 /* XcodeKit.framework in Embed Frameworks */ = {isa = PBXBuildFile; fileRef = 74451B9DAFD7634322EB04B4 /* XcodeKit.framework */; settings = {ATTRIBUTES = (CodeSignOnCopy, RemoveHeadersOnCopy, ); }; };
		96238D6E2F54CC690031E7BE /* SwiftiomaticKit in Frameworks */ = {isa = PBXBuildFile; productRef = 5C3A24064CB44E3ECA06520F /* SwiftiomaticKit */; };
		9DFB18B93A33E405CA1BE09D /* (null) in Resources */ = {isa = PBXBuildFile; };
		A2C57679828F8F3B16DBC48E /* (null) in Sources */ = {isa = PBXBuildFile; };
		A6E1294B2C63820D1F254933 /* (null) in Sources */ = {isa = PBXBuildFile; };
		A806D875AC9978E3801E7E30 /* XcodeKit.framework in Frameworks */ = {isa = PBXBuildFile; fileRef = 74451B9DAFD7634322EB04B4 /* XcodeKit.framework */; };
		B6EB88811C3A7C14799CD639 /* (null) in Sources */ = {isa = PBXBuildFile; };
		BE85A48090D395DD9B79914F /* SwiftiomaticSyntax in Frameworks */ = {isa = PBXBuildFile; productRef = E975100317BF23502015F459 /* SwiftiomaticSyntax */; };
		BFF939B02D309CB2F33D5E38 /* (null) in Sources */ = {isa = PBXBuildFile; };
		CF78E67EAFA0890522B97DA4 /* SwiftiomaticExtension.appex in Embed App Extensions */ = {isa = PBXBuildFile; fileRef = 04BBAECB177391FD3173F5DF /* SwiftiomaticExtension.appex */; settings = {ATTRIBUTES = (RemoveHeadersOnCopy, ); }; };
		CF926FFEC899C2AC52BB3F13 /* (null) in Sources */ = {isa = PBXBuildFile; };
		E03F9815386CCFAACABB1F4E /* (null) in Sources */ = {isa = PBXBuildFile; };
		E2C9421B768338EE3417292E /* (null) in Sources */ = {isa = PBXBuildFile; };
		E7334B41026487C8C7E6C799 /* (null) in Sources */ = {isa = PBXBuildFile; };
		ED9D3ED5AC40D9B35684EC29 /* (null) in Resources */ = {isa = PBXBuildFile; };
		F25C7543CBB44BBAC0347262 /* (null) in Sources */ = {isa = PBXBuildFile; };
		FE8FEE85F5BDEB4CB8C880BC /* (null) in Sources */ = {isa = PBXBuildFile; };
		FF252533FD18C32ABF9D902C /* (null) in Sources */ = {isa = PBXBuildFile; };
/* End PBXBuildFile section */

/* Begin PBXContainerItemProxy section */
		85048227B27876EBC4B01409 /* PBXContainerItemProxy */ = {
			isa = PBXContainerItemProxy;
			containerPortal = 98332CE3CDF1DB91D433A6E9 /* Project object */;
			proxyType = 1;
			remoteGlobalIDString = AA8C116AE010FD1B8DED05C2;
			remoteInfo = SwiftiomaticExtension;
		};
/* End PBXContainerItemProxy section */

/* Begin PBXCopyFilesBuildPhase section */
		31BD5468701DBB5A2467DFEC /* Embed Frameworks */ = {
			isa = PBXCopyFilesBuildPhase;
			dstPath = "";
			dstSubfolder = Frameworks;
			files = (
				8F9016E4513A14EEB13B13F8 /* XcodeKit.framework in Embed Frameworks */,
			);
			name = "Embed Frameworks";
		};
		60C5377626C18E5E8626FCDF /* Embed App Extensions */ = {
			isa = PBXCopyFilesBuildPhase;
			dstPath = "";
			dstSubfolder = PlugIns;
			files = (
				CF78E67EAFA0890522B97DA4 /* SwiftiomaticExtension.appex in Embed App Extensions */,
			);
			name = "Embed App Extensions";
		};
/* End PBXCopyFilesBuildPhase section */

/* Begin PBXFileReference section */
		04BBAECB177391FD3173F5DF /* SwiftiomaticExtension.appex */ = {isa = PBXFileReference; explicitFileType = "wrapper.app-extension"; includeInIndex = 0; path = SwiftiomaticExtension.appex; sourceTree = BUILT_PRODUCTS_DIR; };
		0E7C843C080B1C4765FBC9C6 /* Swiftiomatic.app */ = {isa = PBXFileReference; explicitFileType = wrapper.application; includeInIndex = 0; path = Swiftiomatic.app; sourceTree = BUILT_PRODUCTS_DIR; };
		74451B9DAFD7634322EB04B4 /* XcodeKit.framework */ = {isa = PBXFileReference; lastKnownFileType = wrapper.framework; name = XcodeKit.framework; path = Library/Frameworks/XcodeKit.framework; sourceTree = DEVELOPER_DIR; };
/* End PBXFileReference section */

/* Begin PBXFileSystemSynchronizedBuildFileExceptionSet section */
		7DA28E56784E4212D8276A0D /* Exceptions for "SwiftiomaticApp" folder in "SwiftiomaticApp" target */ = {
			isa = PBXFileSystemSynchronizedBuildFileExceptionSet;
			membershipExceptions = (
				Info.plist,
			);
			target = 7522230CC143F419389DB723 /* SwiftiomaticApp */;
		};
		E7454833F9349193BB35E9DB /* Exceptions for "SwiftiomaticExtension" folder in "SwiftiomaticExtension" target */ = {
			isa = PBXFileSystemSynchronizedBuildFileExceptionSet;
			membershipExceptions = (
				Info.plist,
			);
			target = AA8C116AE010FD1B8DED05C2 /* SwiftiomaticExtension */;
		};
/* End PBXFileSystemSynchronizedBuildFileExceptionSet section */

/* Begin PBXFileSystemSynchronizedRootGroup section */
		678E59968730D4A4D4B8DC34 /* SwiftiomaticExtension */ = {
			isa = PBXFileSystemSynchronizedRootGroup;
			exceptions = (
				E7454833F9349193BB35E9DB /* Exceptions for "SwiftiomaticExtension" folder in "SwiftiomaticExtension" target */,
			);
			path = SwiftiomaticExtension;
			sourceTree = "<group>";
		};
		E87A30636E3BAB1EA9B285AF /* SwiftiomaticApp */ = {
			isa = PBXFileSystemSynchronizedRootGroup;
			exceptions = (
				7DA28E56784E4212D8276A0D /* Exceptions for "SwiftiomaticApp" folder in "SwiftiomaticApp" target */,
			);
			path = SwiftiomaticApp;
			sourceTree = "<group>";
		};
/* End PBXFileSystemSynchronizedRootGroup section */

/* Begin PBXFrameworksBuildPhase section */
		5C17538EA1F9386B1A24B2F9 /* Frameworks */ = {
			isa = PBXFrameworksBuildPhase;
			files = (
				88063A7B28B5F4317ACB67C4 /* SwiftiomaticKit in Frameworks */,
				BE85A48090D395DD9B79914F /* SwiftiomaticSyntax in Frameworks */,
			);
		};
		FA8E9D9FF69DDFC54C643989 /* Frameworks */ = {
			isa = PBXFrameworksBuildPhase;
			files = (
				96238D6E2F54CC690031E7BE /* SwiftiomaticKit in Frameworks */,
				A806D875AC9978E3801E7E30 /* XcodeKit.framework in Frameworks */,
				83FD3E22AF06488263FDEFF0 /* SwiftiomaticSyntax in Frameworks */,
			);
		};
/* End PBXFrameworksBuildPhase section */

/* Begin PBXGroup section */
		126C769955D5218107664809 = {
			isa = PBXGroup;
			children = (
				1C486A29C274273900BE8A28 /* Frameworks */,
				E87A30636E3BAB1EA9B285AF /* SwiftiomaticApp */,
				678E59968730D4A4D4B8DC34 /* SwiftiomaticExtension */,
			);
			sourceTree = "<group>";
		};
		1C486A29C274273900BE8A28 /* Frameworks */ = {
			isa = PBXGroup;
			children = (
				74451B9DAFD7634322EB04B4 /* XcodeKit.framework */,
			);
			name = Frameworks;
			sourceTree = "<group>";
		};
		438B7D8AF15CFFEBDA2464CC /* Products */ = {
			isa = PBXGroup;
			children = (
				0E7C843C080B1C4765FBC9C6 /* Swiftiomatic.app */,
				04BBAECB177391FD3173F5DF /* SwiftiomaticExtension.appex */,
			);
			name = Products;
			sourceTree = "<group>";
		};
/* End PBXGroup section */

/* Begin PBXNativeTarget section */
		7522230CC143F419389DB723 /* SwiftiomaticApp */ = {
			isa = PBXNativeTarget;
			buildConfigurationList = 49B6B2D6C52294C32676D750 /* Build configuration list for PBXNativeTarget "SwiftiomaticApp" */;
			buildPhases = (
				2F916CE8AD3A8056AF7A41DF /* Sources */,
				5C17538EA1F9386B1A24B2F9 /* Frameworks */,
				19F379531543E554DDA3B9C7 /* Resources */,
				60C5377626C18E5E8626FCDF /* Embed App Extensions */,
			);
			buildRules = (
			);
			dependencies = (
				4301F2A6E2A3FD7B38D44372 /* PBXTargetDependency */,
			);
			fileSystemSynchronizedGroups = (
				E87A30636E3BAB1EA9B285AF /* SwiftiomaticApp */,
			);
			name = SwiftiomaticApp;
			packageProductDependencies = (
				1F8AFAD6B56A0C0649D9AD51 /* SwiftiomaticKit */,
				E975100317BF23502015F459 /* SwiftiomaticSyntax */,
			);
			productName = SwiftiomaticApp;
			productReference = 0E7C843C080B1C4765FBC9C6 /* Swiftiomatic.app */;
			productType = "com.apple.product-type.application";
		};
		AA8C116AE010FD1B8DED05C2 /* SwiftiomaticExtension */ = {
			isa = PBXNativeTarget;
			buildConfigurationList = 87A755F0567B5E03148BA942 /* Build configuration list for PBXNativeTarget "SwiftiomaticExtension" */;
			buildPhases = (
				B3798D7BF0D3781F2ECF59E0 /* Sources */,
				FA8E9D9FF69DDFC54C643989 /* Frameworks */,
				A22C7421380097CE2129B701 /* Resources */,
				31BD5468701DBB5A2467DFEC /* Embed Frameworks */,
			);
			buildRules = (
			);
			fileSystemSynchronizedGroups = (
				678E59968730D4A4D4B8DC34 /* SwiftiomaticExtension */,
			);
			name = SwiftiomaticExtension;
			packageProductDependencies = (
				5C3A24064CB44E3ECA06520F /* SwiftiomaticKit */,
				FF42C1289549FC8FD144F7C7 /* SwiftiomaticSyntax */,
			);
			productName = SwiftiomaticExtension;
			productReference = 04BBAECB177391FD3173F5DF /* SwiftiomaticExtension.appex */;
			productType = "com.apple.product-type.xcode-extension";
		};
/* End PBXNativeTarget section */

/* Begin PBXProject section */
		98332CE3CDF1DB91D433A6E9 /* Project object */ = {
			isa = PBXProject;
			attributes = {
			};
			buildConfigurationList = 87E58ECC4FA4078D5395915D /* Build configuration list for PBXProject "Swiftiomatic" */;
			developmentRegion = en;
			hasScannedForEncodings = 0;
			knownRegions = (
				en,
				Base,
			);
			mainGroup = 126C769955D5218107664809;
			packageReferences = (
				1AA04ADB75CBBB9BB0800FE5 /* XCLocalSwiftPackageReference ".." */,
			);
			preferredProjectObjectVersion = 100;
			productRefGroup = 438B7D8AF15CFFEBDA2464CC /* Products */;
			projectDirPath = "";
			projectRoot = "";
			targets = (
				7522230CC143F419389DB723 /* SwiftiomaticApp */,
				AA8C116AE010FD1B8DED05C2 /* SwiftiomaticExtension */,
			);
		};
/* End PBXProject section */

/* Begin PBXResourcesBuildPhase section */
		19F379531543E554DDA3B9C7 /* Resources */ = {
			isa = PBXResourcesBuildPhase;
			files = (
				9DFB18B93A33E405CA1BE09D /* (null) in Resources */,
				ED9D3ED5AC40D9B35684EC29 /* (null) in Resources */,
			);
		};
		A22C7421380097CE2129B701 /* Resources */ = {
			isa = PBXResourcesBuildPhase;
			files = (
			);
		};
/* End PBXResourcesBuildPhase section */

/* Begin PBXSourcesBuildPhase section */
		2F916CE8AD3A8056AF7A41DF /* Sources */ = {
			isa = PBXSourcesBuildPhase;
			files = (
				8BA05A382AD0FF38284456AF /* (null) in Sources */,
				E03F9815386CCFAACABB1F4E /* (null) in Sources */,
				8B987048271BA353692FAB56 /* (null) in Sources */,
				442A015E239C8324635F9471 /* (null) in Sources */,
				F25C7543CBB44BBAC0347262 /* (null) in Sources */,
				038458AB629699369CD0565D /* (null) in Sources */,
				E7334B41026487C8C7E6C799 /* (null) in Sources */,
				89084640799C8BFE46F6910C /* (null) in Sources */,
				A2C57679828F8F3B16DBC48E /* (null) in Sources */,
				B6EB88811C3A7C14799CD639 /* (null) in Sources */,
				0F750BB5D24709A31823A284 /* (null) in Sources */,
				697E01C13242B5A5FF896BE4 /* (null) in Sources */,
			);
		};
		B3798D7BF0D3781F2ECF59E0 /* Sources */ = {
			isa = PBXSourcesBuildPhase;
			files = (
				7FED0BB65F174A26DDE860E5 /* (null) in Sources */,
				FE8FEE85F5BDEB4CB8C880BC /* (null) in Sources */,
				1BBED5ADBBC5CBEC6C35A565 /* (null) in Sources */,
				FF252533FD18C32ABF9D902C /* (null) in Sources */,
				E2C9421B768338EE3417292E /* (null) in Sources */,
				0C2E778E37A8A7A630D86A80 /* (null) in Sources */,
				BFF939B02D309CB2F33D5E38 /* (null) in Sources */,
				CF926FFEC899C2AC52BB3F13 /* (null) in Sources */,
				A6E1294B2C63820D1F254933 /* (null) in Sources */,
			);
		};
/* End PBXSourcesBuildPhase section */

/* Begin PBXTargetDependency section */
		4301F2A6E2A3FD7B38D44372 /* PBXTargetDependency */ = {
			isa = PBXTargetDependency;
			name = SwiftiomaticExtension;
			target = AA8C116AE010FD1B8DED05C2 /* SwiftiomaticExtension */;
			targetProxy = 85048227B27876EBC4B01409 /* PBXContainerItemProxy */;
		};
/* End PBXTargetDependency section */

/* Begin XCBuildConfiguration section */
		1CF4321DDD1BB724533C53ED /* Debug configuration for PBXNativeTarget "SwiftiomaticExtension" */ = {
			isa = XCBuildConfiguration;
			buildSettings = {
				ALWAYS_SEARCH_USER_PATHS = NO;
				CODE_SIGN_ENTITLEMENTS = SwiftiomaticExtension/SwiftiomaticExtension.entitlements;
				CODE_SIGN_IDENTITY = "Apple Development";
				CODE_SIGN_STYLE = Automatic;
				CURRENT_PROJECT_VERSION = 1;
				DEBUG_INFORMATION_FORMAT = dwarf;
				DEVELOPMENT_TEAM = D6GX9PC3SR;
				FRAMEWORK_SEARCH_PATHS = (
					"$(inherited)",
					"$(DEVELOPER_FRAMEWORKS_DIR)",
				);
				GENERATE_INFOPLIST_FILE = NO;
				INFOPLIST_FILE = SwiftiomaticExtension/Info.plist;
				INFOPLIST_KEY_CFBundleDisplayName = "Swiftiomatic Extension";
				LD_RUNPATH_SEARCH_PATHS = (
					"$(inherited)",
					"@executable_path/../Frameworks",
					"@loader_path/../Frameworks",
					"@executable_path/../../../../Frameworks",
				);
				MACOSX_DEPLOYMENT_TARGET = 26.0;
				MARKETING_VERSION = 0.22.0;
				ONLY_ACTIVE_ARCH = YES;
				PRODUCT_BUNDLE_IDENTIFIER = app.toba.swiftiomatic.extension;
				PRODUCT_NAME = SwiftiomaticExtension;
				SKIP_INSTALL = YES;
				SWIFT_VERSION = 6.2;
				TARGETED_DEVICE_FAMILY = 1;
			};
			name = Debug;
		};
		1D85EF2036EAE9043B32E0CF /* Release configuration for PBXProject "Swiftiomatic" */ = {
			isa = XCBuildConfiguration;
			buildSettings = {
				ORGANIZATION_NAME = Toba;
			};
			name = Release;
		};
		742B1CF4DD2424C530EB878E /* Release configuration for PBXNativeTarget "SwiftiomaticApp" */ = {
			isa = XCBuildConfiguration;
			buildSettings = {
				ALWAYS_SEARCH_USER_PATHS = NO;
				ASSETCATALOG_COMPILER_APPICON_NAME = AppIcon;
				ASSETCATALOG_COMPILER_INCLUDE_ALL_APPICON_ASSETS = YES;
				BUNDLE_IDENTIFIER = com.toba.swiftiomatic;
				CODE_SIGN_ENTITLEMENTS = SwiftiomaticApp/SwiftiomaticApp.entitlements;
				CODE_SIGN_IDENTITY = "Apple Development";
				CODE_SIGN_STYLE = Automatic;
				CURRENT_PROJECT_VERSION = 1;
				DEVELOPMENT_TEAM = D6GX9PC3SR;
				GENERATE_INFOPLIST_FILE = NO;
				INFOPLIST_FILE = SwiftiomaticApp/Info.plist;
				INFOPLIST_KEY_CFBundleDisplayName = Swiftiomatic;
				INFOPLIST_KEY_LSApplicationCategoryType = "public.app-category.utilities";
				MACOSX_DEPLOYMENT_TARGET = 26.0;
				MARKETING_VERSION = 0.22.0;
				PRODUCT_BUNDLE_IDENTIFIER = app.toba.swiftiomatic;
				PRODUCT_MODULE_NAME = SwiftiomaticApp;
				PRODUCT_NAME = Swiftiomatic;
				SWIFT_VERSION = 6.2;
				TARGETED_DEVICE_FAMILY = 1;
			};
			name = Release;
		};
		765AB3CF52DC31C19ACE8294 /* Debug configuration for PBXNativeTarget "SwiftiomaticApp" */ = {
			isa = XCBuildConfiguration;
			buildSettings = {
				ALWAYS_SEARCH_USER_PATHS = NO;
				ASSETCATALOG_COMPILER_APPICON_NAME = AppIcon;
				ASSETCATALOG_COMPILER_INCLUDE_ALL_APPICON_ASSETS = YES;
				BUNDLE_IDENTIFIER = com.toba.swiftiomatic;
				CODE_SIGN_ENTITLEMENTS = SwiftiomaticApp/SwiftiomaticApp.entitlements;
				CODE_SIGN_IDENTITY = "Apple Development";
				CODE_SIGN_STYLE = Automatic;
				CURRENT_PROJECT_VERSION = 1;
				DEVELOPMENT_TEAM = D6GX9PC3SR;
				GENERATE_INFOPLIST_FILE = NO;
				INFOPLIST_FILE = SwiftiomaticApp/Info.plist;
				INFOPLIST_KEY_CFBundleDisplayName = Swiftiomatic;
				INFOPLIST_KEY_LSApplicationCategoryType = "public.app-category.utilities";
				MACOSX_DEPLOYMENT_TARGET = 26.0;
				MARKETING_VERSION = 0.22.0;
				ONLY_ACTIVE_ARCH = YES;
				PRODUCT_BUNDLE_IDENTIFIER = app.toba.swiftiomatic;
				PRODUCT_MODULE_NAME = SwiftiomaticApp;
				PRODUCT_NAME = Swiftiomatic;
				SWIFT_VERSION = 6.2;
				TARGETED_DEVICE_FAMILY = 1;
			};
			name = Debug;
		};
		8E8B03887D39EC4F198EDD8D /* Release configuration for PBXNativeTarget "SwiftiomaticExtension" */ = {
			isa = XCBuildConfiguration;
			buildSettings = {
				ALWAYS_SEARCH_USER_PATHS = NO;
				CODE_SIGN_ENTITLEMENTS = SwiftiomaticExtension/SwiftiomaticExtension.entitlements;
				CODE_SIGN_IDENTITY = "Apple Development";
				CODE_SIGN_STYLE = Automatic;
				COPY_PHASE_STRIP = NO;
				CURRENT_PROJECT_VERSION = 1;
				DEBUG_INFORMATION_FORMAT = "dwarf-with-dsym";
				DEVELOPMENT_TEAM = D6GX9PC3SR;
				FRAMEWORK_SEARCH_PATHS = (
					"$(inherited)",
					"$(DEVELOPER_FRAMEWORKS_DIR)",
				);
				GENERATE_INFOPLIST_FILE = NO;
				INFOPLIST_FILE = SwiftiomaticExtension/Info.plist;
				INFOPLIST_KEY_CFBundleDisplayName = "Swiftiomatic Extension";
				LD_RUNPATH_SEARCH_PATHS = (
					"$(inherited)",
					"@executable_path/../Frameworks",
					"@loader_path/../Frameworks",
					"@executable_path/../../../../Frameworks",
				);
				MACOSX_DEPLOYMENT_TARGET = 26.0;
				MARKETING_VERSION = 0.22.0;
				PRODUCT_BUNDLE_IDENTIFIER = app.toba.swiftiomatic.extension;
				PRODUCT_NAME = SwiftiomaticExtension;
				SKIP_INSTALL = YES;
				SWIFT_VERSION = 6.2;
				TARGETED_DEVICE_FAMILY = 1;
			};
			name = Release;
		};
		E555147DB60EA303340C72C9 /* Debug configuration for PBXProject "Swiftiomatic" */ = {
			isa = XCBuildConfiguration;
			buildSettings = {
				ORGANIZATION_NAME = Toba;
				SWIFT_OPTIMIZATION_LEVEL = "-Onone";
			};
			name = Debug;
		};
/* End XCBuildConfiguration section */

/* Begin XCConfigurationList section */
		49B6B2D6C52294C32676D750 /* Build configuration list for PBXNativeTarget "SwiftiomaticApp" */ = {
			isa = XCConfigurationList;
			buildConfigurations = (
				765AB3CF52DC31C19ACE8294 /* Debug configuration for PBXNativeTarget "SwiftiomaticApp" */,
				742B1CF4DD2424C530EB878E /* Release configuration for PBXNativeTarget "SwiftiomaticApp" */,
			);
			defaultConfigurationName = Release;
		};
		87A755F0567B5E03148BA942 /* Build configuration list for PBXNativeTarget "SwiftiomaticExtension" */ = {
			isa = XCConfigurationList;
			buildConfigurations = (
				1CF4321DDD1BB724533C53ED /* Debug configuration for PBXNativeTarget "SwiftiomaticExtension" */,
				8E8B03887D39EC4F198EDD8D /* Release configuration for PBXNativeTarget "SwiftiomaticExtension" */,
			);
			defaultConfigurationName = Release;
		};
		87E58ECC4FA4078D5395915D /* Build configuration list for PBXProject "Swiftiomatic" */ = {
			isa = XCConfigurationList;
			buildConfigurations = (
				E555147DB60EA303340C72C9 /* Debug configuration for PBXProject "Swiftiomatic" */,
				1D85EF2036EAE9043B32E0CF /* Release configuration for PBXProject "Swiftiomatic" */,
			);
			defaultConfigurationName = Release;
		};
/* End XCConfigurationList section */

/* Begin XCLocalSwiftPackageReference section */
		1AA04ADB75CBBB9BB0800FE5 /* XCLocalSwiftPackageReference ".." */ = {
			isa = XCLocalSwiftPackageReference;
			relativePath = ..;
		};
/* End XCLocalSwiftPackageReference section */

/* Begin XCSwiftPackageProductDependency section */
		1F8AFAD6B56A0C0649D9AD51 /* SwiftiomaticKit */ = {
			isa = XCSwiftPackageProductDependency;
			productName = SwiftiomaticKit;
		};
		5C3A24064CB44E3ECA06520F /* SwiftiomaticKit */ = {
			isa = XCSwiftPackageProductDependency;
			productName = SwiftiomaticKit;
		};
		E975100317BF23502015F459 /* SwiftiomaticSyntax */ = {
			isa = XCSwiftPackageProductDependency;
			productName = SwiftiomaticSyntax;
		};
		FF42C1289549FC8FD144F7C7 /* SwiftiomaticSyntax */ = {
			isa = XCSwiftPackageProductDependency;
			productName = SwiftiomaticSyntax;
		};
/* End XCSwiftPackageProductDependency section */
	};
	rootObject = 98332CE3CDF1DB91D433A6E9 /* Project object */;
}
