{
  "originHash" : "5e75a3a10b0dd18583d08830350f7f4a7cf0bd857b5a67bcc227c582e58e3520",
  "pins" : [
    {
      "identity" : "swift-argument-parser",
      "kind" : "remoteSourceControl",
      "location" : "https://github.com/apple/swift-argument-parser.git",
      "state" : {
        "revision" : "c5d11a805e765f52ba34ec7284bd4fcd6ba68615",
        "version" : "1.7.0"
      }
    },
    {
      "identity" : "swift-cmark",
      "kind" : "remoteSourceControl",
      "location" : "https://github.com/swiftlang/swift-cmark.git",
      "state" : {
        "revision" : "5d9bdaa4228b381639fff09403e39a04926e2dbe",
        "version" : "0.7.1"
      }
    },
    {
      "identity" : "swift-format",
      "kind" : "remoteSourceControl",
      "location" : "https://github.com/apple/swift-format.git",
      "state" : {
        "branch" : "main",
        "revision" : "7ef767c7cbedff519c799233afe505abface2ef7"
      }
    },
    {
      "identity" : "swift-markdown",
      "kind" : "remoteSourceControl",
      "location" : "https://github.com/swiftlang/swift-markdown.git",
      "state" : {
        "revision" : "7d9a5ce307528578dfa777d505496bd5f544ad94",
        "version" : "0.7.3"
      }
    },
    {
      "identity" : "swift-syntax",
      "kind" : "remoteSourceControl",
      "location" : "https://github.com/swiftlang/swift-syntax.git",
      "state" : {
        "branch" : "main",
        "revision" : "4c18faca3e797f1449c95b960e7cf84a88240383"
      }
    },
    {
      "identity" : "yams",
      "kind" : "remoteSourceControl",
      "location" : "https://github.com/jpsim/Yams.git",
      "state" : {
        "revision" : "deaf82e867fa2cbd3cd865978b079bfcf384ac28",
        "version" : "6.2.1"
      }
    }
  ],
  "version" : 3
}
